
Microsoft Visual Studio Solution File, Format Version 12.00
# Visual Studio Version 17
VisualStudioVersion = 17.10.35027.167
MinimumVisualStudioVersion = 10.0.40219.1
Project("{9A19103F-16F7-4668-BE54-9A1E7A4F7556}") = "01.Singleton", "01.Singleton\01.Singleton.csproj", "{A74D6BBE-3920-48E6-AE2C-A8CAE7333E4A}"
EndProject
Project("{FAE04EC0-301F-11D3-BF4B-00C04F79EFBC}") = "02.Facade", "02.Facade\02.Facade.csproj", "{8B9109FB-0C05-42B5-BE70-BCCE74719381}"
EndProject
Project("{FAE04EC0-301F-11D3-BF4B-00C04F79EFBC}") = "03.CommandPattern", "03.CommandPattern\03.CommandPattern.csproj", "{0250099A-35AC-4E64-B55A-31376BB7173E}"
EndProject
Global
	GlobalSection(SolutionConfigurationPlatforms) = preSolution
		Debug|Any CPU = Debug|Any CPU
		Release|Any CPU = Release|Any CPU
	EndGlobalSection
	GlobalSection(ProjectConfigurationPlatforms) = postSolution
		{A74D6BBE-3920-48E6-AE2C-A8CAE7333E4A}.Debug|Any CPU.ActiveCfg = Debug|Any CPU
		{A74D6BBE-3920-48E6-AE2C-A8CAE7333E4A}.Debug|Any CPU.Build.0 = Debug|Any CPU
		{A74D6BBE-3920-48E6-AE2C-A8CAE7333E4A}.Release|Any CPU.ActiveCfg = Release|Any CPU
		{A74D6BBE-3920-48E6-AE2C-A8CAE7333E4A}.Release|Any CPU.Build.0 = Release|Any CPU
		{8B9109FB-0C05-42B5-BE70-BCCE74719381}.Debug|Any CPU.ActiveCfg = Debug|Any CPU
		{8B9109FB-0C05-42B5-BE70-BCCE74719381}.Debug|Any CPU.Build.0 = Debug|Any CPU
		{8B9109FB-0C05-42B5-BE70-BCCE74719381}.Release|Any CPU.ActiveCfg = Release|Any CPU
		{8B9109FB-0C05-42B5-BE70-BCCE74719381}.Release|Any CPU.Build.0 = Release|Any CPU
		{0250099A-35AC-4E64-B55A-31376BB7173E}.Debug|Any CPU.ActiveCfg = Debug|Any CPU
		{0250099A-35AC-4E64-B55A-31376BB7173E}.Debug|Any CPU.Build.0 = Debug|Any CPU
		{0250099A-35AC-4E64-B55A-31376BB7173E}.Release|Any CPU.ActiveCfg = Release|Any CPU
		{0250099A-35AC-4E64-B55A-31376BB7173E}.Release|Any CPU.Build.0 = Release|Any CPU
	EndGlobalSection
	GlobalSection(SolutionProperties) = preSolution
		HideSolutionNode = FALSE
	EndGlobalSection
	GlobalSection(ExtensibilityGlobals) = postSolution
		SolutionGuid = {6C22D4CA-C2E8-47E6-93CC-3FE49A21F7C5}
	EndGlobalSection
EndGlobal
